
Microsoft Visual Studio Solution File, Format Version 12.00
# Visual Studio Version 16
VisualStudioVersion = 16.0.30503.244
MinimumVisualStudioVersion = 10.0.40219.1
Project("{FAE04EC0-301F-11D3-BF4B-00C04F79EFBC}") = "SchoolFinalProject", "SchoolFinalProject\SchoolFinalProject.csproj", "{EEE8BB23-5A49-40FF-978B-F4FD9B521902}"
EndProject
Global
	GlobalSection(SolutionConfigurationPlatforms) = preSolution
		Debug|Any CPU = Debug|Any CPU
		Release|Any CPU = Release|Any CPU
	EndGlobalSection
	GlobalSection(ProjectConfigurationPlatforms) = postSolution
		{EEE8BB23-5A49-40FF-978B-F4FD9B521902}.Debug|Any CPU.ActiveCfg = Debug|Any CPU
		{EEE8BB23-5A49-40FF-978B-F4FD9B521902}.Debug|Any CPU.Build.0 = Debug|Any CPU
		{EEE8BB23-5A49-40FF-978B-F4FD9B521902}.Release|Any CPU.ActiveCfg = Release|Any CPU
		{EEE8BB23-5A49-40FF-978B-F4FD9B521902}.Release|Any CPU.Build.0 = Release|Any CPU
	EndGlobalSection
	GlobalSection(SolutionProperties) = preSolution
		HideSolutionNode = FALSE
	EndGlobalSection
	GlobalSection(ExtensibilityGlobals) = postSolution
		SolutionGuid = {420CAB3C-052D-4674-BE06-C8055F6B02FE}
	EndGlobalSection
EndGlobal
